// !$*UTF8*$!
{
	archiveVersion = 1;
	classes = {
	};
	objectVersion = 46;
	objects = {

/* Begin PBXBuildFile section */
		AF1DAA421ADA831B00C89445 /* AppDelegate.swift in Sources */ = {isa = PBXBuildFile; fileRef = AF1DAA411ADA831B00C89445 /* AppDelegate.swift */; };
		AF1DAA441ADA831B00C89445 /* Images.xcassets in Resources */ = {isa = PBXBuildFile; fileRef = AF1DAA431ADA831B00C89445 /* Images.xcassets */; };
		AF1DAA531ADA831B00C89445 /* MarkTests.swift in Sources */ = {isa = PBXBuildFile; fileRef = AF1DAA521ADA831B00C89445 /* MarkTests.swift */; };
		AF1DAA5F1ADA838B00C89445 /* AddEditBookmarkVC.swift in Sources */ = {isa = PBXBuildFile; fileRef = AF1DAA5C1ADA838B00C89445 /* AddEditBookmarkVC.swift */; };
		AF1DAA601ADA838B00C89445 /* BookmarkCell.swift in Sources */ = {isa = PBXBuildFile; fileRef = AF1DAA5D1ADA838B00C89445 /* BookmarkCell.swift */; };
		AF1DAA611ADA838B00C89445 /* BookmarkTVC.swift in Sources */ = {isa = PBXBuildFile; fileRef = AF1DAA5E1ADA838B00C89445 /* BookmarkTVC.swift */; };
		AF1DAA681ADA842F00C89445 /* libsqlite3.dylib in Frameworks */ = {isa = PBXBuildFile; fileRef = AF1DAA671ADA842F00C89445 /* libsqlite3.dylib */; };
		AF1DAA811ADA8A0C00C89445 /* MainMenu.xib in Resources */ = {isa = PBXBuildFile; fileRef = AF1DAA801ADA8A0C00C89445 /* MainMenu.xib */; };
		AF1DAA831ADA9AF800C89445 /* ParseCredentials.swift in Sources */ = {isa = PBXBuildFile; fileRef = AF1DAA821ADA9AF800C89445 /* ParseCredentials.swift */; };
		AF1DAA851ADAF69200C89445 /* BookmarkWindow.xib in Resources */ = {isa = PBXBuildFile; fileRef = AF1DAA841ADAF69200C89445 /* BookmarkWindow.xib */; };
		AFB210111AF012AF009CFFF6 /* Schema.swift in Sources */ = {isa = PBXBuildFile; fileRef = AFB210101AF012AF009CFFF6 /* Schema.swift */; };
		AFBE2B191ADC2782009A0687 /* BookmarkTable.swift in Sources */ = {isa = PBXBuildFile; fileRef = AFBE2B181ADC2782009A0687 /* BookmarkTable.swift */; };
/* End PBXBuildFile section */

/* Begin PBXContainerItemProxy section */
		AF1DAA4D1ADA831B00C89445 /* PBXContainerItemProxy */ = {
			isa = PBXContainerItemProxy;
			containerPortal = AF1DAA341ADA831B00C89445 /* Project object */;
			proxyType = 1;
			remoteGlobalIDString = AF1DAA3B1ADA831B00C89445;
			remoteInfo = Mark;
		};
		AFEA13431AE43FF900A23C1E /* PBXContainerItemProxy */ = {
			isa = PBXContainerItemProxy;
			containerPortal = AFEA13231AE421C600A23C1E /* SQLite.xcodeproj */;
			proxyType = 2;
			remoteGlobalIDString = DC3773F319C8CBB3004FCF85;
			remoteInfo = SQLite;
		};
		AFEA13451AE43FF900A23C1E /* PBXContainerItemProxy */ = {
			isa = PBXContainerItemProxy;
			containerPortal = AFEA13231AE421C600A23C1E /* SQLite.xcodeproj */;
			proxyType = 2;
			remoteGlobalIDString = DC3773FE19C8CBB3004FCF85;
			remoteInfo = "SQLite Tests";
		};
		AFEA13471AE43FF900A23C1E /* PBXContainerItemProxy */ = {
			isa = PBXContainerItemProxy;
			containerPortal = AFEA13231AE421C600A23C1E /* SQLite.xcodeproj */;
			proxyType = 2;
			remoteGlobalIDString = DCC6B3801A9191C300734B78;
			remoteInfo = SQLiteCipher;
		};
		AFEA13491AE43FF900A23C1E /* PBXContainerItemProxy */ = {
			isa = PBXContainerItemProxy;
			containerPortal = AFEA13231AE421C600A23C1E /* SQLite.xcodeproj */;
			proxyType = 2;
			remoteGlobalIDString = DCC6B3921A9191D100734B78;
			remoteInfo = "SQLiteCipher Tests";
		};
		AFEA134B1AE43FF900A23C1E /* PBXContainerItemProxy */ = {
			isa = PBXContainerItemProxy;
			containerPortal = AFEA13231AE421C600A23C1E /* SQLite.xcodeproj */;
			proxyType = 2;
			remoteGlobalIDString = DCAE4D151ABE0B3300EFCE7A;
			remoteInfo = sqlite3;
		};
/* End PBXContainerItemProxy section */

/* Begin PBXCopyFilesBuildPhase section */
		AFBE2B1E1ADC3D17009A0687 /* Copy Files */ = {
			isa = PBXCopyFilesBuildPhase;
			buildActionMask = 2147483647;
			dstPath = "";
			dstSubfolderSpec = 10;
			files = (
			);
			name = "Copy Files";
			runOnlyForDeploymentPostprocessing = 0;
		};
/* End PBXCopyFilesBuildPhase section */

/* Begin PBXFileReference section */
		AF1DAA3C1ADA831B00C89445 /* Mark.app */ = {isa = PBXFileReference; explicitFileType = wrapper.application; includeInIndex = 0; path = Mark.app; sourceTree = BUILT_PRODUCTS_DIR; };
		AF1DAA401ADA831B00C89445 /* Info.plist */ = {isa = PBXFileReference; lastKnownFileType = text.plist.xml; path = Info.plist; sourceTree = "<group>"; };
		AF1DAA411ADA831B00C89445 /* AppDelegate.swift */ = {isa = PBXFileReference; lastKnownFileType = sourcecode.swift; path = AppDelegate.swift; sourceTree = "<group>"; };
		AF1DAA431ADA831B00C89445 /* Images.xcassets */ = {isa = PBXFileReference; lastKnownFileType = folder.assetcatalog; path = Images.xcassets; sourceTree = "<group>"; };
		AF1DAA4C1ADA831B00C89445 /* MarkTests.xctest */ = {isa = PBXFileReference; explicitFileType = wrapper.cfbundle; includeInIndex = 0; path = MarkTests.xctest; sourceTree = BUILT_PRODUCTS_DIR; };
		AF1DAA511ADA831B00C89445 /* Info.plist */ = {isa = PBXFileReference; lastKnownFileType = text.plist.xml; path = Info.plist; sourceTree = "<group>"; };
		AF1DAA521ADA831B00C89445 /* MarkTests.swift */ = {isa = PBXFileReference; lastKnownFileType = sourcecode.swift; path = MarkTests.swift; sourceTree = "<group>"; };
		AF1DAA5C1ADA838B00C89445 /* AddEditBookmarkVC.swift */ = {isa = PBXFileReference; fileEncoding = 4; lastKnownFileType = sourcecode.swift; path = AddEditBookmarkVC.swift; sourceTree = "<group>"; };
		AF1DAA5D1ADA838B00C89445 /* BookmarkCell.swift */ = {isa = PBXFileReference; fileEncoding = 4; lastKnownFileType = sourcecode.swift; path = BookmarkCell.swift; sourceTree = "<group>"; };
		AF1DAA5E1ADA838B00C89445 /* BookmarkTVC.swift */ = {isa = PBXFileReference; fileEncoding = 4; lastKnownFileType = sourcecode.swift; path = BookmarkTVC.swift; sourceTree = "<group>"; };
		AF1DAA671ADA842F00C89445 /* libsqlite3.dylib */ = {isa = PBXFileReference; lastKnownFileType = "compiled.mach-o.dylib"; name = libsqlite3.dylib; path = usr/lib/libsqlite3.dylib; sourceTree = SDKROOT; };
		AF1DAA691ADA843400C89445 /* ApplicationServices.framework */ = {isa = PBXFileReference; lastKnownFileType = wrapper.framework; name = ApplicationServices.framework; path = System/Library/Frameworks/ApplicationServices.framework; sourceTree = SDKROOT; };
		AF1DAA6B1ADA845D00C89445 /* Security.framework */ = {isa = PBXFileReference; lastKnownFileType = wrapper.framework; name = Security.framework; path = System/Library/Frameworks/Security.framework; sourceTree = SDKROOT; };
		AF1DAA6D1ADA846C00C89445 /* QuartzCore.framework */ = {isa = PBXFileReference; lastKnownFileType = wrapper.framework; name = QuartzCore.framework; path = System/Library/Frameworks/QuartzCore.framework; sourceTree = SDKROOT; };
		AF1DAA6F1ADA847600C89445 /* CoreLocation.framework */ = {isa = PBXFileReference; lastKnownFileType = wrapper.framework; name = CoreLocation.framework; path = System/Library/Frameworks/CoreLocation.framework; sourceTree = SDKROOT; };
		AF1DAA711ADA848500C89445 /* CoreGraphics.framework */ = {isa = PBXFileReference; lastKnownFileType = wrapper.framework; name = CoreGraphics.framework; path = System/Library/Frameworks/CoreGraphics.framework; sourceTree = SDKROOT; };
		AF1DAA731ADA848B00C89445 /* CFNetwork.framework */ = {isa = PBXFileReference; lastKnownFileType = wrapper.framework; name = CFNetwork.framework; path = System/Library/Frameworks/CFNetwork.framework; sourceTree = SDKROOT; };
		AF1DAA751ADA84A800C89445 /* libz.dylib */ = {isa = PBXFileReference; lastKnownFileType = "compiled.mach-o.dylib"; name = libz.dylib; path = usr/lib/libz.dylib; sourceTree = SDKROOT; };
		AF1DAA771ADA84D200C89445 /* SystemConfiguration.framework */ = {isa = PBXFileReference; lastKnownFileType = wrapper.framework; name = SystemConfiguration.framework; path = System/Library/Frameworks/SystemConfiguration.framework; sourceTree = SDKROOT; };
		AF1DAA801ADA8A0C00C89445 /* MainMenu.xib */ = {isa = PBXFileReference; fileEncoding = 4; lastKnownFileType = file.xib; path = MainMenu.xib; sourceTree = "<group>"; };
		AF1DAA821ADA9AF800C89445 /* ParseCredentials.swift */ = {isa = PBXFileReference; fileEncoding = 4; lastKnownFileType = sourcecode.swift; path = ParseCredentials.swift; sourceTree = "<group>"; };
		AF1DAA841ADAF69200C89445 /* BookmarkWindow.xib */ = {isa = PBXFileReference; fileEncoding = 4; lastKnownFileType = file.xib; path = BookmarkWindow.xib; sourceTree = "<group>"; };
		AFB210101AF012AF009CFFF6 /* Schema.swift */ = {isa = PBXFileReference; fileEncoding = 4; lastKnownFileType = sourcecode.swift; path = Schema.swift; sourceTree = "<group>"; };
		AFBE2B181ADC2782009A0687 /* BookmarkTable.swift */ = {isa = PBXFileReference; fileEncoding = 4; lastKnownFileType = sourcecode.swift; path = BookmarkTable.swift; sourceTree = "<group>"; };
		AFEA13231AE421C600A23C1E /* SQLite.xcodeproj */ = {isa = PBXFileReference; lastKnownFileType = "wrapper.pb-project"; name = SQLite.xcodeproj; path = SQLite.swift/SQLite.xcodeproj; sourceTree = "<group>"; };
		AFEA133B1AE43CBC00A23C1E /* Mark.entitlements */ = {isa = PBXFileReference; lastKnownFileType = text.xml; path = Mark.entitlements; sourceTree = "<group>"; };
/* End PBXFileReference section */

/* Begin PBXFrameworksBuildPhase section */
		AF1DAA391ADA831B00C89445 /* Frameworks */ = {
			isa = PBXFrameworksBuildPhase;
			buildActionMask = 2147483647;
			files = (
				AF1DAA681ADA842F00C89445 /* libsqlite3.dylib in Frameworks */,
			);
			runOnlyForDeploymentPostprocessing = 0;
		};
		AF1DAA491ADA831B00C89445 /* Frameworks */ = {
			isa = PBXFrameworksBuildPhase;
			buildActionMask = 2147483647;
			files = (
			);
			runOnlyForDeploymentPostprocessing = 0;
		};
/* End PBXFrameworksBuildPhase section */

/* Begin PBXGroup section */
		AF1DAA331ADA831B00C89445 = {
			isa = PBXGroup;
			children = (
				AF1DAA3E1ADA831B00C89445 /* Mark */,
				AF1DAA621ADA840B00C89445 /* Frameworks */,
				AF1DAA4F1ADA831B00C89445 /* MarkTests */,
				AF1DAA3D1ADA831B00C89445 /* Products */,
			);
			sourceTree = "<group>";
		};
		AF1DAA3D1ADA831B00C89445 /* Products */ = {
			isa = PBXGroup;
			children = (
				AF1DAA3C1ADA831B00C89445 /* Mark.app */,
				AF1DAA4C1ADA831B00C89445 /* MarkTests.xctest */,
			);
			name = Products;
			sourceTree = "<group>";
		};
		AF1DAA3E1ADA831B00C89445 /* Mark */ = {
			isa = PBXGroup;
			children = (
				AFEA133B1AE43CBC00A23C1E /* Mark.entitlements */,
				AF1DAA411ADA831B00C89445 /* AppDelegate.swift */,
				AF1DAA5E1ADA838B00C89445 /* BookmarkTVC.swift */,
				AF1DAA5D1ADA838B00C89445 /* BookmarkCell.swift */,
				AFB210101AF012AF009CFFF6 /* Schema.swift */,
				AFBE2B181ADC2782009A0687 /* BookmarkTable.swift */,
				AF1DAA5C1ADA838B00C89445 /* AddEditBookmarkVC.swift */,
				AF1DAA801ADA8A0C00C89445 /* MainMenu.xib */,
				AF1DAA841ADAF69200C89445 /* BookmarkWindow.xib */,
				AF1DAA431ADA831B00C89445 /* Images.xcassets */,
				AF1DAA3F1ADA831B00C89445 /* Supporting Files */,
			);
			path = Mark;
			sourceTree = "<group>";
		};
		AF1DAA3F1ADA831B00C89445 /* Supporting Files */ = {
			isa = PBXGroup;
			children = (
				AF1DAA821ADA9AF800C89445 /* ParseCredentials.swift */,
				AF1DAA401ADA831B00C89445 /* Info.plist */,
			);
			name = "Supporting Files";
			sourceTree = "<group>";
		};
		AF1DAA4F1ADA831B00C89445 /* MarkTests */ = {
			isa = PBXGroup;
			children = (
				AF1DAA521ADA831B00C89445 /* MarkTests.swift */,
				AF1DAA501ADA831B00C89445 /* Supporting Files */,
			);
			path = MarkTests;
			sourceTree = "<group>";
		};
		AF1DAA501ADA831B00C89445 /* Supporting Files */ = {
			isa = PBXGroup;
			children = (
				AF1DAA511ADA831B00C89445 /* Info.plist */,
			);
			name = "Supporting Files";
			sourceTree = "<group>";
		};
		AF1DAA621ADA840B00C89445 /* Frameworks */ = {
			isa = PBXGroup;
			children = (
				AFEA13231AE421C600A23C1E /* SQLite.xcodeproj */,
				AF1DAA771ADA84D200C89445 /* SystemConfiguration.framework */,
				AF1DAA751ADA84A800C89445 /* libz.dylib */,
				AF1DAA731ADA848B00C89445 /* CFNetwork.framework */,
				AF1DAA711ADA848500C89445 /* CoreGraphics.framework */,
				AF1DAA6F1ADA847600C89445 /* CoreLocation.framework */,
				AF1DAA6D1ADA846C00C89445 /* QuartzCore.framework */,
				AF1DAA6B1ADA845D00C89445 /* Security.framework */,
				AF1DAA691ADA843400C89445 /* ApplicationServices.framework */,
				AF1DAA671ADA842F00C89445 /* libsqlite3.dylib */,
			);
			path = Frameworks;
			sourceTree = "<group>";
		};
		AFEA133C1AE43FF900A23C1E /* Products */ = {
			isa = PBXGroup;
			children = (
				AFEA13441AE43FF900A23C1E /* SQLite.framework */,
				AFEA13461AE43FF900A23C1E /* SQLite Tests.xctest */,
				AFEA13481AE43FF900A23C1E /* SQLite.framework */,
				AFEA134A1AE43FF900A23C1E /* SQLiteCipher Tests.xctest */,
				AFEA134C1AE43FF900A23C1E /* sqlite3.framework */,
			);
			name = Products;
			sourceTree = "<group>";
		};
/* End PBXGroup section */

/* Begin PBXNativeTarget section */
		AF1DAA3B1ADA831B00C89445 /* Mark */ = {
			isa = PBXNativeTarget;
			buildConfigurationList = AF1DAA561ADA831B00C89445 /* Build configuration list for PBXNativeTarget "Mark" */;
			buildPhases = (
				AF1DAA381ADA831B00C89445 /* Sources */,
				AF1DAA391ADA831B00C89445 /* Frameworks */,
				AF1DAA3A1ADA831B00C89445 /* Resources */,
				AFBE2B1E1ADC3D17009A0687 /* Copy Files */,
			);
			buildRules = (
			);
			dependencies = (
			);
			name = Mark;
			productName = Mark;
			productReference = AF1DAA3C1ADA831B00C89445 /* Mark.app */;
			productType = "com.apple.product-type.application";
		};
		AF1DAA4B1ADA831B00C89445 /* MarkTests */ = {
			isa = PBXNativeTarget;
			buildConfigurationList = AF1DAA591ADA831B00C89445 /* Build configuration list for PBXNativeTarget "MarkTests" */;
			buildPhases = (
				AF1DAA481ADA831B00C89445 /* Sources */,
				AF1DAA491ADA831B00C89445 /* Frameworks */,
				AF1DAA4A1ADA831B00C89445 /* Resources */,
			);
			buildRules = (
			);
			dependencies = (
				AF1DAA4E1ADA831B00C89445 /* PBXTargetDependency */,
			);
			name = MarkTests;
			productName = MarkTests;
			productReference = AF1DAA4C1ADA831B00C89445 /* MarkTests.xctest */;
			productType = "com.apple.product-type.bundle.unit-test";
		};
/* End PBXNativeTarget section */

/* Begin PBXProject section */
		AF1DAA341ADA831B00C89445 /* Project object */ = {
			isa = PBXProject;
			attributes = {
				LastUpgradeCheck = 0630;
				ORGANIZATIONNAME = kylejm;
				TargetAttributes = {
					AF1DAA3B1ADA831B00C89445 = {
						CreatedOnToolsVersion = 6.3;
						SystemCapabilities = {
							com.apple.Sandbox = {
								enabled = 1;
							};
						};
					};
					AF1DAA4B1ADA831B00C89445 = {
						CreatedOnToolsVersion = 6.3;
						TestTargetID = AF1DAA3B1ADA831B00C89445;
					};
				};
			};
			buildConfigurationList = AF1DAA371ADA831B00C89445 /* Build configuration list for PBXProject "Mark" */;
			compatibilityVersion = "Xcode 3.2";
			developmentRegion = English;
			hasScannedForEncodings = 0;
			knownRegions = (
				en,
				Base,
			);
			mainGroup = AF1DAA331ADA831B00C89445;
			productRefGroup = AF1DAA3D1ADA831B00C89445 /* Products */;
			projectDirPath = "";
			projectReferences = (
				{
					ProductGroup = AFEA133C1AE43FF900A23C1E /* Products */;
					ProjectRef = AFEA13231AE421C600A23C1E /* SQLite.xcodeproj */;
				},
			);
			projectRoot = "";
			targets = (
				AF1DAA3B1ADA831B00C89445 /* Mark */,
				AF1DAA4B1ADA831B00C89445 /* MarkTests */,
			);
		};
/* End PBXProject section */

/* Begin PBXReferenceProxy section */
		AFEA13441AE43FF900A23C1E /* SQLite.framework */ = {
			isa = PBXReferenceProxy;
			fileType = wrapper.framework;
			path = SQLite.framework;
			remoteRef = AFEA13431AE43FF900A23C1E /* PBXContainerItemProxy */;
			sourceTree = BUILT_PRODUCTS_DIR;
		};
		AFEA13461AE43FF900A23C1E /* SQLite Tests.xctest */ = {
			isa = PBXReferenceProxy;
			fileType = wrapper.cfbundle;
			path = "SQLite Tests.xctest";
			remoteRef = AFEA13451AE43FF900A23C1E /* PBXContainerItemProxy */;
			sourceTree = BUILT_PRODUCTS_DIR;
		};
		AFEA13481AE43FF900A23C1E /* SQLite.framework */ = {
			isa = PBXReferenceProxy;
			fileType = wrapper.framework;
			path = SQLite.framework;
			remoteRef = AFEA13471AE43FF900A23C1E /* PBXContainerItemProxy */;
			sourceTree = BUILT_PRODUCTS_DIR;
		};
		AFEA134A1AE43FF900A23C1E /* SQLiteCipher Tests.xctest */ = {
			isa = PBXReferenceProxy;
			fileType = wrapper.cfbundle;
			path = "SQLiteCipher Tests.xctest";
			remoteRef = AFEA13491AE43FF900A23C1E /* PBXContainerItemProxy */;
			sourceTree = BUILT_PRODUCTS_DIR;
		};
		AFEA134C1AE43FF900A23C1E /* sqlite3.framework */ = {
			isa = PBXReferenceProxy;
			fileType = wrapper.framework;
			path = sqlite3.framework;
			remoteRef = AFEA134B1AE43FF900A23C1E /* PBXContainerItemProxy */;
			sourceTree = BUILT_PRODUCTS_DIR;
		};
/* End PBXReferenceProxy section */

/* Begin PBXResourcesBuildPhase section */
		AF1DAA3A1ADA831B00C89445 /* Resources */ = {
			isa = PBXResourcesBuildPhase;
			buildActionMask = 2147483647;
			files = (
				AF1DAA441ADA831B00C89445 /* Images.xcassets in Resources */,
				AF1DAA811ADA8A0C00C89445 /* MainMenu.xib in Resources */,
				AF1DAA851ADAF69200C89445 /* BookmarkWindow.xib in Resources */,
			);
			runOnlyForDeploymentPostprocessing = 0;
		};
		AF1DAA4A1ADA831B00C89445 /* Resources */ = {
			isa = PBXResourcesBuildPhase;
			buildActionMask = 2147483647;
			files = (
			);
			runOnlyForDeploymentPostprocessing = 0;
		};
/* End PBXResourcesBuildPhase section */

/* Begin PBXSourcesBuildPhase section */
		AF1DAA381ADA831B00C89445 /* Sources */ = {
			isa = PBXSourcesBuildPhase;
			buildActionMask = 2147483647;
			files = (
				AF1DAA5F1ADA838B00C89445 /* AddEditBookmarkVC.swift in Sources */,
				AFB210111AF012AF009CFFF6 /* Schema.swift in Sources */,
				AF1DAA421ADA831B00C89445 /* AppDelegate.swift in Sources */,
				AF1DAA601ADA838B00C89445 /* BookmarkCell.swift in Sources */,
				AF1DAA611ADA838B00C89445 /* BookmarkTVC.swift in Sources */,
				AFBE2B191ADC2782009A0687 /* BookmarkTable.swift in Sources */,
				AF1DAA831ADA9AF800C89445 /* ParseCredentials.swift in Sources */,
			);
			runOnlyForDeploymentPostprocessing = 0;
		};
		AF1DAA481ADA831B00C89445 /* Sources */ = {
			isa = PBXSourcesBuildPhase;
			buildActionMask = 2147483647;
			files = (
				AF1DAA531ADA831B00C89445 /* MarkTests.swift in Sources */,
			);
			runOnlyForDeploymentPostprocessing = 0;
		};
/* End PBXSourcesBuildPhase section */

/* Begin PBXTargetDependency section */
		AF1DAA4E1ADA831B00C89445 /* PBXTargetDependency */ = {
			isa = PBXTargetDependency;
			target = AF1DAA3B1ADA831B00C89445 /* Mark */;
			targetProxy = AF1DAA4D1ADA831B00C89445 /* PBXContainerItemProxy */;
		};
/* End PBXTargetDependency section */

/* Begin XCBuildConfiguration section */
		AF1DAA541ADA831B00C89445 /* Debug */ = {
			isa = XCBuildConfiguration;
			buildSettings = {
				ALWAYS_SEARCH_USER_PATHS = NO;
				CLANG_CXX_LANGUAGE_STANDARD = "gnu++0x";
				CLANG_CXX_LIBRARY = "libc++";
				CLANG_ENABLE_MODULES = YES;
				CLANG_ENABLE_OBJC_ARC = YES;
				CLANG_WARN_BOOL_CONVERSION = YES;
				CLANG_WARN_CONSTANT_CONVERSION = YES;
				CLANG_WARN_DIRECT_OBJC_ISA_USAGE = YES_ERROR;
				CLANG_WARN_EMPTY_BODY = YES;
				CLANG_WARN_ENUM_CONVERSION = YES;
				CLANG_WARN_INT_CONVERSION = YES;
				CLANG_WARN_OBJC_ROOT_CLASS = YES_ERROR;
				CLANG_WARN_UNREACHABLE_CODE = YES;
				CLANG_WARN__DUPLICATE_METHOD_MATCH = YES;
				CODE_SIGN_IDENTITY = "-";
				COPY_PHASE_STRIP = NO;
				DEBUG_INFORMATION_FORMAT = dwarf;
				ENABLE_STRICT_OBJC_MSGSEND = YES;
				GCC_C_LANGUAGE_STANDARD = gnu99;
				GCC_DYNAMIC_NO_PIC = NO;
				GCC_NO_COMMON_BLOCKS = YES;
				GCC_OPTIMIZATION_LEVEL = 0;
				GCC_PREPROCESSOR_DEFINITIONS = (
					"DEBUG=1",
					"$(inherited)",
				);
				GCC_SYMBOLS_PRIVATE_EXTERN = NO;
				GCC_WARN_64_TO_32_BIT_CONVERSION = YES;
				GCC_WARN_ABOUT_RETURN_TYPE = YES_ERROR;
				GCC_WARN_UNDECLARED_SELECTOR = YES;
				GCC_WARN_UNINITIALIZED_AUTOS = YES_AGGRESSIVE;
				GCC_WARN_UNUSED_FUNCTION = YES;
				GCC_WARN_UNUSED_VARIABLE = YES;
				MACOSX_DEPLOYMENT_TARGET = 10.10;
				MTL_ENABLE_DEBUG_INFO = YES;
				ONLY_ACTIVE_ARCH = YES;
				SDKROOT = macosx;
				SWIFT_OPTIMIZATION_LEVEL = "-Onone";
			};
			name = Debug;
		};
		AF1DAA551ADA831B00C89445 /* Release */ = {
			isa = XCBuildConfiguration;
			buildSettings = {
				ALWAYS_SEARCH_USER_PATHS = NO;
				CLANG_CXX_LANGUAGE_STANDARD = "gnu++0x";
				CLANG_CXX_LIBRARY = "libc++";
				CLANG_ENABLE_MODULES = YES;
				CLANG_ENABLE_OBJC_ARC = YES;
				CLANG_WARN_BOOL_CONVERSION = YES;
				CLANG_WARN_CONSTANT_CONVERSION = YES;
				CLANG_WARN_DIRECT_OBJC_ISA_USAGE = YES_ERROR;
				CLANG_WARN_EMPTY_BODY = YES;
				CLANG_WARN_ENUM_CONVERSION = YES;
				CLANG_WARN_INT_CONVERSION = YES;
				CLANG_WARN_OBJC_ROOT_CLASS = YES_ERROR;
				CLANG_WARN_UNREACHABLE_CODE = YES;
				CLANG_WARN__DUPLICATE_METHOD_MATCH = YES;
				CODE_SIGN_IDENTITY = "-";
				COPY_PHASE_STRIP = NO;
				DEBUG_INFORMATION_FORMAT = "dwarf-with-dsym";
				ENABLE_NS_ASSERTIONS = NO;
				ENABLE_STRICT_OBJC_MSGSEND = YES;
				GCC_C_LANGUAGE_STANDARD = gnu99;
				GCC_NO_COMMON_BLOCKS = YES;
				GCC_WARN_64_TO_32_BIT_CONVERSION = YES;
				GCC_WARN_ABOUT_RETURN_TYPE = YES_ERROR;
				GCC_WARN_UNDECLARED_SELECTOR = YES;
				GCC_WARN_UNINITIALIZED_AUTOS = YES_AGGRESSIVE;
				GCC_WARN_UNUSED_FUNCTION = YES;
				GCC_WARN_UNUSED_VARIABLE = YES;
				MACOSX_DEPLOYMENT_TARGET = 10.10;
				MTL_ENABLE_DEBUG_INFO = NO;
				SDKROOT = macosx;
			};
			name = Release;
		};
		AF1DAA571ADA831B00C89445 /* Debug */ = {
			isa = XCBuildConfiguration;
			buildSettings = {
				ASSETCATALOG_COMPILER_APPICON_NAME = AppIcon;
				CLANG_ENABLE_MODULES = YES;
				CODE_SIGN_ENTITLEMENTS = Mark/Mark.entitlements;
				COMBINE_HIDPI_IMAGES = YES;
				FRAMEWORK_SEARCH_PATHS = (
					"$(inherited)",
					"$(PROJECT_DIR)/Frameworks",
				);
				INFOPLIST_FILE = Mark/Info.plist;
				LD_RUNPATH_SEARCH_PATHS = "$(inherited) @executable_path/../Frameworks";
				PRODUCT_NAME = "$(TARGET_NAME)";
				SWIFT_OBJC_BRIDGING_HEADER = "";
				SWIFT_OPTIMIZATION_LEVEL = "-Onone";
			};
			name = Debug;
		};
		AF1DAA581ADA831B00C89445 /* Release */ = {
			isa = XCBuildConfiguration;
			buildSettings = {
				ASSETCATALOG_COMPILER_APPICON_NAME = AppIcon;
				CLANG_ENABLE_MODULES = YES;
				CODE_SIGN_ENTITLEMENTS = Mark/Mark.entitlements;
				COMBINE_HIDPI_IMAGES = YES;
				FRAMEWORK_SEARCH_PATHS = (
					"$(inherited)",
					"$(PROJECT_DIR)/Frameworks",
				);
				INFOPLIST_FILE = Mark/Info.plist;
				LD_RUNPATH_SEARCH_PATHS = "$(inherited) @executable_path/../Frameworks";
				PRODUCT_NAME = "$(TARGET_NAME)";
				SWIFT_OBJC_BRIDGING_HEADER = "";
			};
			name = Release;
		};
		AF1DAA5A1ADA831B00C89445 /* Debug */ = {
			isa = XCBuildConfiguration;
			buildSettings = {
				BUNDLE_LOADER = "$(TEST_HOST)";
				COMBINE_HIDPI_IMAGES = YES;
				FRAMEWORK_SEARCH_PATHS = (
					"$(DEVELOPER_FRAMEWORKS_DIR)",
					"$(inherited)",
				);
				GCC_PREPROCESSOR_DEFINITIONS = (
					"DEBUG=1",
					"$(inherited)",
				);
				INFOPLIST_FILE = MarkTests/Info.plist;
				LD_RUNPATH_SEARCH_PATHS = "$(inherited) @executable_path/../Frameworks @loader_path/../Frameworks";
				PRODUCT_NAME = "$(TARGET_NAME)";
				TEST_HOST = "$(BUILT_PRODUCTS_DIR)/Mark.app/Contents/MacOS/Mark";
			};
			name = Debug;
		};
		AF1DAA5B1ADA831B00C89445 /* Release */ = {
			isa = XCBuildConfiguration;
			buildSettings = {
				BUNDLE_LOADER = "$(TEST_HOST)";
				COMBINE_HIDPI_IMAGES = YES;
				FRAMEWORK_SEARCH_PATHS = (
					"$(DEVELOPER_FRAMEWORKS_DIR)",
					"$(inherited)",
				);
				INFOPLIST_FILE = MarkTests/Info.plist;
				LD_RUNPATH_SEARCH_PATHS = "$(inherited) @executable_path/../Frameworks @loader_path/../Frameworks";
				PRODUCT_NAME = "$(TARGET_NAME)";
				TEST_HOST = "$(BUILT_PRODUCTS_DIR)/Mark.app/Contents/MacOS/Mark";
			};
			name = Release;
		};
/* End XCBuildConfiguration section */

/* Begin XCConfigurationList section */
		AF1DAA371ADA831B00C89445 /* Build configuration list for PBXProject "Mark" */ = {
			isa = XCConfigurationList;
			buildConfigurations = (
				AF1DAA541ADA831B00C89445 /* Debug */,
				AF1DAA551ADA831B00C89445 /* Release */,
			);
			defaultConfigurationIsVisible = 0;
			defaultConfigurationName = Release;
		};
		AF1DAA561ADA831B00C89445 /* Build configuration list for PBXNativeTarget "Mark" */ = {
			isa = XCConfigurationList;
			buildConfigurations = (
				AF1DAA571ADA831B00C89445 /* Debug */,
				AF1DAA581ADA831B00C89445 /* Release */,
			);
			defaultConfigurationIsVisible = 0;
			defaultConfigurationName = Release;
		};
		AF1DAA591ADA831B00C89445 /* Build configuration list for PBXNativeTarget "MarkTests" */ = {
			isa = XCConfigurationList;
			buildConfigurations = (
				AF1DAA5A1ADA831B00C89445 /* Debug */,
				AF1DAA5B1ADA831B00C89445 /* Release */,
			);
			defaultConfigurationIsVisible = 0;
			defaultConfigurationName = Release;
		};
/* End XCConfigurationList section */
	};
	rootObject = AF1DAA341ADA831B00C89445 /* Project object */;
}
